
Microsoft Visual Studio Solution File, Format Version 12.00
# Visual Studio 15
VisualStudioVersion = 15.0.27130.2026
MinimumVisualStudioVersion = 10.0.40219.1
Project("{FAE04EC0-301F-11D3-BF4B-00C04F79EFBC}") = "screenshotmacro", "screenshotmacro\screenshotmacro.csproj", "{A0251510-03B9-4FE1-9564-E41A1386781E}"
EndProject
Global
	GlobalSection(SolutionConfigurationPlatforms) = preSolution
		Debug|Any CPU = Debug|Any CPU
		Release|Any CPU = Release|Any CPU
	EndGlobalSection
	GlobalSection(ProjectConfigurationPlatforms) = postSolution
		{A0251510-03B9-4FE1-9564-E41A1386781E}.Debug|Any CPU.ActiveCfg = Debug|Any CPU
		{A0251510-03B9-4FE1-9564-E41A1386781E}.Debug|Any CPU.Build.0 = Debug|Any CPU
		{A0251510-03B9-4FE1-9564-E41A1386781E}.Release|Any CPU.ActiveCfg = Release|Any CPU
		{A0251510-03B9-4FE1-9564-E41A1386781E}.Release|Any CPU.Build.0 = Release|Any CPU
	EndGlobalSection
	GlobalSection(SolutionProperties) = preSolution
		HideSolutionNode = FALSE
	EndGlobalSection
	GlobalSection(ExtensibilityGlobals) = postSolution
		SolutionGuid = {4E50C6E8-CCBD-416F-B4EA-327C3A8C9B06}
	EndGlobalSection
EndGlobal
